{
  "name": "cicd",
  "version": "1.0.0",
  "lockfileVersion": 3,
  "requires": true,
  "packages": {
    "": {
      "name": "cicd",
      "version": "1.0.0",
      "license": "ISC",
      "dependencies": {
        "koa": "^2.14.2",
        "koa-router": "^12.0.0",
        "koa-static": "^5.0.0"
      }
    },
    "node_modules/accepts": {
      "version": "1.3.8",
      "resolved": "http://artifactory.intra.xiaojukeji.com/artifactory/api/npm/npm/accepts/-/accepts-1.3.8.tgz?dl=https%3A%2F%2Fregistry.npmmirror.com%2Faccepts%2F-%2Faccepts-1.3.8.tgz",
      "integrity": "sha1-C/C+EltnAUrcsLCSHmLbe//hay4=",
      "license": "MIT",
      "dependencies": {
        "mime-types": "~2.1.34",
        "negotiator": "0.6.3"
      },
      "engines": {
        "node": ">= 0.6"
      }
    },
    "node_modules/cache-content-type": {
      "version": "1.0.1",
      "resolved": "http://artifactory.intra.xiaojukeji.com/artifactory/api/npm/npm/cache-content-type/-/cache-content-type-1.0.1.tgz?dl=https%3A%2F%2Fregistry.npmmirror.com%2Fcache-content-type%2F-%2Fcache-content-type-1.0.1.tgz",
      "integrity": "sha1-A1zeKwjuISn0qDFeqPAKANuhRTw=",
      "license": "MIT",
      "dependencies": {
        "mime-types": "^2.1.18",
        "ylru": "^1.2.0"
      },
      "engines": {
        "node": ">= 6.0.0"
      }
    },
    "node_modules/co": {
      "version": "4.6.0",
      "resolved": "http://artifactory.intra.xiaojukeji.com/artifactory/api/npm/npm/co/-/co-4.6.0.tgz?dl=https%3A%2F%2Fregistry.npmmirror.com%2Fco%2F-%2Fco-4.6.0.tgz",
      "integrity": "sha1-bqa989hTrlTMuOR7+gvz+QMfsYQ=",
      "license": "MIT",
      "engines": {
        "iojs": ">= 1.0.0",
        "node": ">= 0.12.0"
      }
    },
    "node_modules/content-disposition": {
      "version": "0.5.4",
      "resolved": "http://artifactory.intra.xiaojukeji.com/artifactory/api/npm/npm/content-disposition/-/content-disposition-0.5.4.tgz?dl=https%3A%2F%2Fregistry.npmmirror.com%2Fcontent-disposition%2F-%2Fcontent-disposition-0.5.4.tgz",
      "integrity": "sha1-i4K076yCUSoCuwsdzsnSxejrW/4=",
      "license": "MIT",
      "dependencies": {
        "safe-buffer": "5.2.1"
      },
      "engines": {
        "node": ">= 0.6"
      }
    },
    "node_modules/content-type": {
      "version": "1.0.5",
      "resolved": "http://artifactory.intra.xiaojukeji.com/artifactory/api/npm/npm/content-type/-/content-type-1.0.5.tgz?dl=https%3A%2F%2Fregistry.npmmirror.com%2Fcontent-type%2F-%2Fcontent-type-1.0.5.tgz",
      "integrity": "sha1-i3cxYmVtHRCGeEyPI6VM5tc9eRg=",
      "license": "MIT",
      "engines": {
        "node": ">= 0.6"
      }
    },
    "node_modules/cookies": {
      "version": "0.8.0",
      "resolved": "http://artifactory.intra.xiaojukeji.com/artifactory/api/npm/npm/cookies/-/cookies-0.8.0.tgz?dl=https%3A%2F%2Fregistry.npmmirror.com%2Fcookies%2F-%2Fcookies-0.8.0.tgz",
      "integrity": "sha1-EpPOSzkXQKhAbjyYcOgoxLVPP5A=",
      "license": "MIT",
      "dependencies": {
        "depd": "~2.0.0",
        "keygrip": "~1.1.0"
      },
      "engines": {
        "node": ">= 0.8"
      }
    },
    "node_modules/debug": {
      "version": "4.3.4",
      "resolved": "http://artifactory.intra.xiaojukeji.com/artifactory/api/npm/npm/debug/-/debug-4.3.4.tgz?dl=https%3A%2F%2Fregistry.npmmirror.com%2Fdebug%2F-%2Fdebug-4.3.4.tgz",
      "integrity": "sha1-Exn2V5NX8jONMzfSzdSRS7XcyGU=",
      "license": "MIT",
      "dependencies": {
        "ms": "2.1.2"
      },
      "engines": {
        "node": ">=6.0"
      },
      "peerDependenciesMeta": {
        "supports-color": {
          "optional": true
        }
      }
    },
    "node_modules/deep-equal": {
      "version": "1.0.1",
      "resolved": "http://artifactory.intra.xiaojukeji.com/artifactory/api/npm/npm/deep-equal/-/deep-equal-1.0.1.tgz?dl=https%3A%2F%2Fregistry.npmmirror.com%2Fdeep-equal%2F-%2Fdeep-equal-1.0.1.tgz",
      "integrity": "sha1-9dJgKStmDghO/0zbyfCK0yR0SLU=",
      "license": "MIT"
    },
    "node_modules/delegates": {
      "version": "1.0.0",
      "resolved": "http://artifactory.intra.xiaojukeji.com/artifactory/api/npm/npm/delegates/-/delegates-1.0.0.tgz?dl=https%3A%2F%2Fregistry.npmmirror.com%2Fdelegates%2F-%2Fdelegates-1.0.0.tgz",
      "integrity": "sha1-hMbhWbgZBP3KWaDvRM2HDTElD5o=",
      "license": "MIT"
    },
    "node_modules/depd": {
      "version": "2.0.0",
      "resolved": "http://artifactory.intra.xiaojukeji.com/artifactory/api/npm/npm/depd/-/depd-2.0.0.tgz?dl=https%3A%2F%2Fregistry.npmmirror.com%2Fdepd%2F-%2Fdepd-2.0.0.tgz",
      "integrity": "sha1-tpYWPMdXVg0JzyLMj60Vcbeedt8=",
      "license": "MIT",
      "engines": {
        "node": ">= 0.8"
      }
    },
    "node_modules/destroy": {
      "version": "1.2.0",
      "resolved": "http://artifactory.intra.xiaojukeji.com/artifactory/api/npm/npm/destroy/-/destroy-1.2.0.tgz?dl=https%3A%2F%2Fregistry.npmmirror.com%2Fdestroy%2F-%2Fdestroy-1.2.0.tgz",
      "integrity": "sha1-SANzVQmti+VSk0xn32FPlOZvoBU=",
      "license": "MIT",
      "engines": {
        "node": ">= 0.8",
        "npm": "1.2.8000 || >= 1.4.16"
      }
    },
    "node_modules/ee-first": {
      "version": "1.1.1",
      "resolved": "http://artifactory.intra.xiaojukeji.com/artifactory/api/npm/npm/ee-first/-/ee-first-1.1.1.tgz?dl=https%3A%2F%2Fregistry.npmmirror.com%2Fee-first%2F-%2Fee-first-1.1.1.tgz",
      "integrity": "sha1-WQxhFWsK4vTwJVcyoViyZrxWsh0=",
      "license": "MIT"
    },
    "node_modules/encodeurl": {
      "version": "1.0.2",
      "resolved": "http://artifactory.intra.xiaojukeji.com/artifactory/api/npm/npm/encodeurl/-/encodeurl-1.0.2.tgz?dl=https%3A%2F%2Fregistry.npmmirror.com%2Fencodeurl%2F-%2Fencodeurl-1.0.2.tgz",
      "integrity": "sha1-rT/0yG7C0CkyL1oCw6mmBslbP1k=",
      "license": "MIT",
      "engines": {
        "node": ">= 0.8"
      }
    },
    "node_modules/escape-html": {
      "version": "1.0.3",
      "resolved": "http://artifactory.intra.xiaojukeji.com/artifactory/api/npm/npm/escape-html/-/escape-html-1.0.3.tgz?dl=https%3A%2F%2Fregistry.npmmirror.com%2Fescape-html%2F-%2Fescape-html-1.0.3.tgz",
      "integrity": "sha1-Aljq5NPQwJdN4cFpGI7wBR0dGYg=",
      "license": "MIT"
    },
    "node_modules/fresh": {
      "version": "0.5.2",
      "resolved": "http://artifactory.intra.xiaojukeji.com/artifactory/api/npm/npm/fresh/-/fresh-0.5.2.tgz?dl=https%3A%2F%2Fregistry.npmmirror.com%2Ffresh%2F-%2Ffresh-0.5.2.tgz",
      "integrity": "sha1-PYyt2Q2XZWn6g1qx+OSyOhBWBac=",
      "license": "MIT",
      "engines": {
        "node": ">= 0.6"
      }
    },
    "node_modules/has-symbols": {
      "version": "1.0.3",
      "resolved": "http://artifactory.intra.xiaojukeji.com/artifactory/api/npm/npm/has-symbols/-/has-symbols-1.0.3.tgz?dl=https%3A%2F%2Fregistry.npmmirror.com%2Fhas-symbols%2F-%2Fhas-symbols-1.0.3.tgz",
      "integrity": "sha1-u3ssQ0klHc6HsSX3vfh0qnyLOfg=",
      "license": "MIT",
      "engines": {
        "node": ">= 0.4"
      },
      "funding": {
        "url": "https://github.com/sponsors/ljharb"
      }
    },
    "node_modules/has-tostringtag": {
      "version": "1.0.0",
      "resolved": "http://artifactory.intra.xiaojukeji.com/artifactory/api/npm/npm/has-tostringtag/-/has-tostringtag-1.0.0.tgz?dl=https%3A%2F%2Fregistry.npmmirror.com%2Fhas-tostringtag%2F-%2Fhas-tostringtag-1.0.0.tgz",
      "integrity": "sha1-fhM4GKfTlHNPlB5zw9P5KR5liyU=",
      "license": "MIT",
      "dependencies": {
        "has-symbols": "^1.0.2"
      },
      "engines": {
        "node": ">= 0.4"
      },
      "funding": {
        "url": "https://github.com/sponsors/ljharb"
      }
    },
    "node_modules/http-assert": {
      "version": "1.5.0",
      "resolved": "http://artifactory.intra.xiaojukeji.com/artifactory/api/npm/npm/http-assert/-/http-assert-1.5.0.tgz?dl=https%3A%2F%2Fregistry.npmmirror.com%2Fhttp-assert%2F-%2Fhttp-assert-1.5.0.tgz",
      "integrity": "sha1-w4nM2HrBbtLfpiRv1zuSaqAOa48=",
      "license": "MIT",
      "dependencies": {
        "deep-equal": "~1.0.1",
        "http-errors": "~1.8.0"
      },
      "engines": {
        "node": ">= 0.8"
      }
    },
    "node_modules/http-errors": {
      "version": "1.8.1",
      "resolved": "http://artifactory.intra.xiaojukeji.com/artifactory/api/npm/npm/http-errors/-/http-errors-1.8.1.tgz?dl=https%3A%2F%2Fregistry.npmmirror.com%2Fhttp-errors%2F-%2Fhttp-errors-1.8.1.tgz",
      "integrity": "sha1-fD8oV3y8iiBziEVdvWIpXtB71ow=",
      "license": "MIT",
      "dependencies": {
        "depd": "~1.1.2",
        "inherits": "2.0.4",
        "setprototypeof": "1.2.0",
        "statuses": ">= 1.5.0 < 2",
        "toidentifier": "1.0.1"
      },
      "engines": {
        "node": ">= 0.6"
      }
    },
    "node_modules/http-errors/node_modules/depd": {
      "version": "1.1.2",
      "resolved": "http://artifactory.intra.xiaojukeji.com/artifactory/api/npm/npm/depd/-/depd-1.1.2.tgz?dl=https%3A%2F%2Fregistry.npmmirror.com%2Fdepd%2F-%2Fdepd-1.1.2.tgz",
      "integrity": "sha1-m81S4UwJd2PnSbJ0xDRu0uVgtak=",
      "license": "MIT",
      "engines": {
        "node": ">= 0.6"
      }
    },
    "node_modules/inherits": {
      "version": "2.0.4",
      "resolved": "http://artifactory.intra.xiaojukeji.com/artifactory/api/npm/npm/inherits/-/inherits-2.0.4.tgz?dl=https%3A%2F%2Fregistry.npmmirror.com%2Finherits%2F-%2Finherits-2.0.4.tgz",
      "integrity": "sha1-D6LGT5MpF8NDOg3tVTY6rjdBa3w=",
      "license": "ISC"
    },
    "node_modules/is-generator-function": {
      "version": "1.0.10",
      "resolved": "http://artifactory.intra.xiaojukeji.com/artifactory/api/npm/npm/is-generator-function/-/is-generator-function-1.0.10.tgz?dl=https%3A%2F%2Fregistry.npmmirror.com%2Fis-generator-function%2F-%2Fis-generator-function-1.0.10.tgz",
      "integrity": "sha1-8VWLrxrBfg3up8BBXEODUf8rPHI=",
      "license": "MIT",
      "dependencies": {
        "has-tostringtag": "^1.0.0"
      },
      "engines": {
        "node": ">= 0.4"
      },
      "funding": {
        "url": "https://github.com/sponsors/ljharb"
      }
    },
    "node_modules/keygrip": {
      "version": "1.1.0",
      "resolved": "http://artifactory.intra.xiaojukeji.com/artifactory/api/npm/npm/keygrip/-/keygrip-1.1.0.tgz?dl=https%3A%2F%2Fregistry.npmmirror.com%2Fkeygrip%2F-%2Fkeygrip-1.1.0.tgz",
      "integrity": "sha1-hxsWgdXhWcYqRFsMdLYV4JF+ciY=",
      "license": "MIT",
      "dependencies": {
        "tsscmp": "1.0.6"
      },
      "engines": {
        "node": ">= 0.6"
      }
    },
    "node_modules/koa": {
      "version": "2.14.2",
      "resolved": "http://artifactory.intra.xiaojukeji.com/artifactory/api/npm/npm/koa/-/koa-2.14.2.tgz?dl=https%3A%2F%2Fregistry.npmmirror.com%2Fkoa%2F-%2Fkoa-2.14.2.tgz",
      "integrity": "sha1-pX+SXAOTHCtNlLGdLr920yRIY/w=",
      "license": "MIT",
      "dependencies": {
        "accepts": "^1.3.5",
        "cache-content-type": "^1.0.0",
        "content-disposition": "~0.5.2",
        "content-type": "^1.0.4",
        "cookies": "~0.8.0",
        "debug": "^4.3.2",
        "delegates": "^1.0.0",
        "depd": "^2.0.0",
        "destroy": "^1.0.4",
        "encodeurl": "^1.0.2",
        "escape-html": "^1.0.3",
        "fresh": "~0.5.2",
        "http-assert": "^1.3.0",
        "http-errors": "^1.6.3",
        "is-generator-function": "^1.0.7",
        "koa-compose": "^4.1.0",
        "koa-convert": "^2.0.0",
        "on-finished": "^2.3.0",
        "only": "~0.0.2",
        "parseurl": "^1.3.2",
        "statuses": "^1.5.0",
        "type-is": "^1.6.16",
        "vary": "^1.1.2"
      },
      "engines": {
        "node": "^4.8.4 || ^6.10.1 || ^7.10.1 || >= 8.1.4"
      }
    },
    "node_modules/koa-compose": {
      "version": "4.1.0",
      "resolved": "http://artifactory.intra.xiaojukeji.com/artifactory/api/npm/npm/koa-compose/-/koa-compose-4.1.0.tgz?dl=https%3A%2F%2Fregistry.npmmirror.com%2Fkoa-compose%2F-%2Fkoa-compose-4.1.0.tgz",
      "integrity": "sha1-UHMGuTcZAdtBEhyBLpI9DWfT6Hc=",
      "license": "MIT"
    },
    "node_modules/koa-convert": {
      "version": "2.0.0",
      "resolved": "http://artifactory.intra.xiaojukeji.com/artifactory/api/npm/npm/koa-convert/-/koa-convert-2.0.0.tgz?dl=https%3A%2F%2Fregistry.npmmirror.com%2Fkoa-convert%2F-%2Fkoa-convert-2.0.0.tgz",
      "integrity": "sha1-hqDETYHUBVG64i/uZwmQRXPupPU=",
      "license": "MIT",
      "dependencies": {
        "co": "^4.6.0",
        "koa-compose": "^4.1.0"
      },
      "engines": {
        "node": ">= 10"
      }
    },
    "node_modules/koa-router": {
      "version": "12.0.0",
      "resolved": "http://artifactory.intra.xiaojukeji.com/artifactory/api/npm/npm/koa-router/-/koa-router-12.0.0.tgz?dl=https%3A%2F%2Fregistry.npmmirror.com%2Fkoa-router%2F-%2Fkoa-router-12.0.0.tgz",
      "integrity": "sha1-lCdt+Meu9CS4Zyiw/0pp3lAFDbw=",
      "license": "MIT",
      "dependencies": {
        "http-errors": "^2.0.0",
        "koa-compose": "^4.1.0",
        "methods": "^1.1.2",
        "path-to-regexp": "^6.2.1"
      },
      "engines": {
        "node": ">= 12"
      }
    },
    "node_modules/koa-router/node_modules/http-errors": {
      "version": "2.0.0",
      "resolved": "http://artifactory.intra.xiaojukeji.com/artifactory/api/npm/npm/http-errors/-/http-errors-2.0.0.tgz?dl=https%3A%2F%2Fregistry.npmmirror.com%2Fhttp-errors%2F-%2Fhttp-errors-2.0.0.tgz",
      "integrity": "sha1-t3dKFIbvc892Z6ya4IWMASxXudM=",
      "license": "MIT",
      "dependencies": {
        "depd": "2.0.0",
        "inherits": "2.0.4",
        "setprototypeof": "1.2.0",
        "statuses": "2.0.1",
        "toidentifier": "1.0.1"
      },
      "engines": {
        "node": ">= 0.8"
      }
    },
    "node_modules/koa-router/node_modules/statuses": {
      "version": "2.0.1",
      "resolved": "http://artifactory.intra.xiaojukeji.com/artifactory/api/npm/npm/statuses/-/statuses-2.0.1.tgz?dl=https%3A%2F%2Fregistry.npmmirror.com%2Fstatuses%2F-%2Fstatuses-2.0.1.tgz",
      "integrity": "sha1-VcsADM8dSHKL0jxoWgY5mM8aG2M=",
      "license": "MIT",
      "engines": {
        "node": ">= 0.8"
      }
    },
    "node_modules/koa-send": {
      "version": "5.0.1",
      "resolved": "http://artifactory.intra.xiaojukeji.com/artifactory/api/npm/npm/koa-send/-/koa-send-5.0.1.tgz?dl=https%3A%2F%2Fregistry.npmmirror.com%2Fkoa-send%2F-%2Fkoa-send-5.0.1.tgz",
      "integrity": "sha1-Odzuv6+zldDWC+r/ujpwtPVD/nk=",
      "license": "MIT",
      "dependencies": {
        "debug": "^4.1.1",
        "http-errors": "^1.7.3",
        "resolve-path": "^1.4.0"
      },
      "engines": {
        "node": ">= 8"
      }
    },
    "node_modules/koa-static": {
      "version": "5.0.0",
      "resolved": "http://artifactory.intra.xiaojukeji.com/artifactory/api/npm/npm/koa-static/-/koa-static-5.0.0.tgz?dl=https%3A%2F%2Fregistry.npmmirror.com%2Fkoa-static%2F-%2Fkoa-static-5.0.0.tgz",
      "integrity": "sha1-XpL8lrU3rVIZ9CUxnJW2R3J3aUM=",
      "license": "MIT",
      "dependencies": {
        "debug": "^3.1.0",
        "koa-send": "^5.0.0"
      },
      "engines": {
        "node": ">= 7.6.0"
      }
    },
    "node_modules/koa-static/node_modules/debug": {
      "version": "3.2.7",
      "resolved": "http://artifactory.intra.xiaojukeji.com/artifactory/api/npm/npm/debug/-/debug-3.2.7.tgz?dl=https%3A%2F%2Fregistry.npmmirror.com%2Fdebug%2F-%2Fdebug-3.2.7.tgz",
      "integrity": "sha1-clgLfpFF+zm2Z2+cXl+xALk0F5o=",
      "license": "MIT",
      "dependencies": {
        "ms": "^2.1.1"
      }
    },
    "node_modules/media-typer": {
      "version": "0.3.0",
      "resolved": "http://artifactory.intra.xiaojukeji.com/artifactory/api/npm/npm/media-typer/-/media-typer-0.3.0.tgz?dl=https%3A%2F%2Fregistry.npmmirror.com%2Fmedia-typer%2F-%2Fmedia-typer-0.3.0.tgz",
      "integrity": "sha1-hxDXrwqmJvj/+hzgAWhUUmMlV0g=",
      "license": "MIT",
      "engines": {
        "node": ">= 0.6"
      }
    },
    "node_modules/methods": {
      "version": "1.1.2",
      "resolved": "http://artifactory.intra.xiaojukeji.com/artifactory/api/npm/npm/methods/-/methods-1.1.2.tgz?dl=https%3A%2F%2Fregistry.npmmirror.com%2Fmethods%2F-%2Fmethods-1.1.2.tgz",
      "integrity": "sha1-VSmk1nZUE07cxSZmVoNbD4Ua/O4=",
      "license": "MIT",
      "engines": {
        "node": ">= 0.6"
      }
    },
    "node_modules/mime-db": {
      "version": "1.52.0",
      "resolved": "http://artifactory.intra.xiaojukeji.com/artifactory/api/npm/npm/mime-db/-/mime-db-1.52.0.tgz?dl=https%3A%2F%2Fregistry.npmmirror.com%2Fmime-db%2F-%2Fmime-db-1.52.0.tgz",
      "integrity": "sha1-u6vNwChZ9JhzAchW4zh85exDv3A=",
      "license": "MIT",
      "engines": {
        "node": ">= 0.6"
      }
    },
    "node_modules/mime-types": {
      "version": "2.1.35",
      "resolved": "http://artifactory.intra.xiaojukeji.com/artifactory/api/npm/npm/mime-types/-/mime-types-2.1.35.tgz?dl=https%3A%2F%2Fregistry.npmmirror.com%2Fmime-types%2F-%2Fmime-types-2.1.35.tgz",
      "integrity": "sha1-OBqHG2KnNEUGYK497uRIE/cNlZo=",
      "license": "MIT",
      "dependencies": {
        "mime-db": "1.52.0"
      },
      "engines": {
        "node": ">= 0.6"
      }
    },
    "node_modules/ms": {
      "version": "2.1.2",
      "resolved": "http://artifactory.intra.xiaojukeji.com/artifactory/api/npm/npm/ms/-/ms-2.1.2.tgz?dl=https%3A%2F%2Fregistry.npmmirror.com%2Fms%2F-%2Fms-2.1.2.tgz",
      "integrity": "sha1-0J0fNXtEP0kzgqjrPM0YOHKuYAk=",
      "license": "MIT"
    },
    "node_modules/negotiator": {
      "version": "0.6.3",
      "resolved": "http://artifactory.intra.xiaojukeji.com/artifactory/api/npm/npm/negotiator/-/negotiator-0.6.3.tgz?dl=https%3A%2F%2Fregistry.npmmirror.com%2Fnegotiator%2F-%2Fnegotiator-0.6.3.tgz",
      "integrity": "sha1-WOMjpy/twNb5zU0x/kn1FHlZDM0=",
      "license": "MIT",
      "engines": {
        "node": ">= 0.6"
      }
    },
    "node_modules/on-finished": {
      "version": "2.4.1",
      "resolved": "http://artifactory.intra.xiaojukeji.com/artifactory/api/npm/npm/on-finished/-/on-finished-2.4.1.tgz?dl=https%3A%2F%2Fregistry.npmmirror.com%2Fon-finished%2F-%2Fon-finished-2.4.1.tgz",
      "integrity": "sha1-WMjEQRblSEWtV/FKsQsDUzGErD8=",
      "license": "MIT",
      "dependencies": {
        "ee-first": "1.1.1"
      },
      "engines": {
        "node": ">= 0.8"
      }
    },
    "node_modules/only": {
      "version": "0.0.2",
      "resolved": "http://artifactory.intra.xiaojukeji.com/artifactory/api/npm/npm/only/-/only-0.0.2.tgz?dl=https%3A%2F%2Fregistry.npmmirror.com%2Fonly%2F-%2Fonly-0.0.2.tgz",
      "integrity": "sha1-Kv3oTQPlC5qO3EROMGEKcCle37Q="
    },
    "node_modules/parseurl": {
      "version": "1.3.3",
      "resolved": "http://artifactory.intra.xiaojukeji.com/artifactory/api/npm/npm/parseurl/-/parseurl-1.3.3.tgz?dl=https%3A%2F%2Fregistry.npmmirror.com%2Fparseurl%2F-%2Fparseurl-1.3.3.tgz",
      "integrity": "sha1-naGee+6NEt/wUT7Vt2lXeTvC6NQ=",
      "license": "MIT",
      "engines": {
        "node": ">= 0.8"
      }
    },
    "node_modules/path-is-absolute": {
      "version": "1.0.1",
      "resolved": "http://artifactory.intra.xiaojukeji.com/artifactory/api/npm/npm/path-is-absolute/-/path-is-absolute-1.0.1.tgz?dl=https%3A%2F%2Fregistry.npmmirror.com%2Fpath-is-absolute%2F-%2Fpath-is-absolute-1.0.1.tgz",
      "integrity": "sha1-F0uSaHNVNP+8es5r9TpanhtcX18=",
      "license": "MIT",
      "engines": {
        "node": ">=0.10.0"
      }
    },
    "node_modules/path-to-regexp": {
      "version": "6.2.1",
      "resolved": "http://artifactory.intra.xiaojukeji.com/artifactory/api/npm/npm/path-to-regexp/-/path-to-regexp-6.2.1.tgz?dl=https%3A%2F%2Fregistry.npmmirror.com%2Fpath-to-regexp%2F-%2Fpath-to-regexp-6.2.1.tgz",
      "integrity": "sha1-1Uk01nmOueXvFOeveWLJRZBpGOU=",
      "license": "MIT"
    },
    "node_modules/resolve-path": {
      "version": "1.4.0",
      "resolved": "http://artifactory.intra.xiaojukeji.com/artifactory/api/npm/npm/resolve-path/-/resolve-path-1.4.0.tgz?dl=https%3A%2F%2Fregistry.npmmirror.com%2Fresolve-path%2F-%2Fresolve-path-1.4.0.tgz",
      "integrity": "sha1-xL2p9e+y/OZSR4c6s2u02DT+Fvc=",
      "license": "MIT",
      "dependencies": {
        "http-errors": "~1.6.2",
        "path-is-absolute": "1.0.1"
      },
      "engines": {
        "node": ">= 0.8"
      }
    },
    "node_modules/resolve-path/node_modules/depd": {
      "version": "1.1.2",
      "resolved": "http://artifactory.intra.xiaojukeji.com/artifactory/api/npm/npm/depd/-/depd-1.1.2.tgz?dl=https%3A%2F%2Fregistry.npmmirror.com%2Fdepd%2F-%2Fdepd-1.1.2.tgz",
      "integrity": "sha1-m81S4UwJd2PnSbJ0xDRu0uVgtak=",
      "license": "MIT",
      "engines": {
        "node": ">= 0.6"
      }
    },
    "node_modules/resolve-path/node_modules/http-errors": {
      "version": "1.6.3",
      "resolved": "http://artifactory.intra.xiaojukeji.com/artifactory/api/npm/npm/http-errors/-/http-errors-1.6.3.tgz?dl=https%3A%2F%2Fregistry.npmmirror.com%2Fhttp-errors%2F-%2Fhttp-errors-1.6.3.tgz",
      "integrity": "sha1-i1VoC7S+KDoLW/TqLjhYC+HZMg0=",
      "license": "MIT",
      "dependencies": {
        "depd": "~1.1.2",
        "inherits": "2.0.3",
        "setprototypeof": "1.1.0",
        "statuses": ">= 1.4.0 < 2"
      },
      "engines": {
        "node": ">= 0.6"
      }
    },
    "node_modules/resolve-path/node_modules/inherits": {
      "version": "2.0.3",
      "resolved": "http://artifactory.intra.xiaojukeji.com/artifactory/api/npm/npm/inherits/-/inherits-2.0.3.tgz?dl=https%3A%2F%2Fregistry.npmmirror.com%2Finherits%2F-%2Finherits-2.0.3.tgz",
      "integrity": "sha1-Yzwsg+PaQqUC9SRmAiSA9CCCYd4=",
      "license": "ISC"
    },
    "node_modules/resolve-path/node_modules/setprototypeof": {
      "version": "1.1.0",
      "resolved": "http://artifactory.intra.xiaojukeji.com/artifactory/api/npm/npm/setprototypeof/-/setprototypeof-1.1.0.tgz?dl=https%3A%2F%2Fregistry.npmmirror.com%2Fsetprototypeof%2F-%2Fsetprototypeof-1.1.0.tgz",
      "integrity": "sha1-0L2FU2iHtv58DYGMuWLZ2RxU5lY=",
      "license": "ISC"
    },
    "node_modules/safe-buffer": {
      "version": "5.2.1",
      "resolved": "http://artifactory.intra.xiaojukeji.com/artifactory/api/npm/npm/safe-buffer/-/safe-buffer-5.2.1.tgz?dl=https%3A%2F%2Fregistry.npmmirror.com%2Fsafe-buffer%2F-%2Fsafe-buffer-5.2.1.tgz",
      "integrity": "sha1-Hq+fqb2x/dTsdfWPnNtOa3gn7sY=",
      "funding": [
        {
          "type": "github",
          "url": "https://github.com/sponsors/feross"
        },
        {
          "type": "patreon",
          "url": "https://www.patreon.com/feross"
        },
        {
          "type": "consulting",
          "url": "https://feross.org/support"
        }
      ],
      "license": "MIT"
    },
    "node_modules/setprototypeof": {
      "version": "1.2.0",
      "resolved": "http://artifactory.intra.xiaojukeji.com/artifactory/api/npm/npm/setprototypeof/-/setprototypeof-1.2.0.tgz?dl=https%3A%2F%2Fregistry.npmmirror.com%2Fsetprototypeof%2F-%2Fsetprototypeof-1.2.0.tgz",
      "integrity": "sha1-ZsmiSnP5/CjL5msJ/tPTPcrxtCQ=",
      "license": "ISC"
    },
    "node_modules/statuses": {
      "version": "1.5.0",
      "resolved": "http://artifactory.intra.xiaojukeji.com/artifactory/api/npm/npm/statuses/-/statuses-1.5.0.tgz?dl=https%3A%2F%2Fregistry.npmmirror.com%2Fstatuses%2F-%2Fstatuses-1.5.0.tgz",
      "integrity": "sha1-Fhx9rBd2Wf2YEfQ3cfqZOBR4Yow=",
      "license": "MIT",
      "engines": {
        "node": ">= 0.6"
      }
    },
    "node_modules/toidentifier": {
      "version": "1.0.1",
      "resolved": "http://artifactory.intra.xiaojukeji.com/artifactory/api/npm/npm/toidentifier/-/toidentifier-1.0.1.tgz?dl=https%3A%2F%2Fregistry.npmmirror.com%2Ftoidentifier%2F-%2Ftoidentifier-1.0.1.tgz",
      "integrity": "sha1-O+NDIaiKgg7RvYDfqjPkefu43TU=",
      "license": "MIT",
      "engines": {
        "node": ">=0.6"
      }
    },
    "node_modules/tsscmp": {
      "version": "1.0.6",
      "resolved": "http://artifactory.intra.xiaojukeji.com/artifactory/api/npm/npm/tsscmp/-/tsscmp-1.0.6.tgz?dl=https%3A%2F%2Fregistry.npmmirror.com%2Ftsscmp%2F-%2Ftsscmp-1.0.6.tgz",
      "integrity": "sha1-hbmVg6w1iexL/vgltQAKqRHWBes=",
      "license": "MIT",
      "engines": {
        "node": ">=0.6.x"
      }
    },
    "node_modules/type-is": {
      "version": "1.6.18",
      "resolved": "http://artifactory.intra.xiaojukeji.com/artifactory/api/npm/npm/type-is/-/type-is-1.6.18.tgz?dl=https%3A%2F%2Fregistry.npmmirror.com%2Ftype-is%2F-%2Ftype-is-1.6.18.tgz",
      "integrity": "sha1-TlUs0F3wlGfcvE73Od6J8s83wTE=",
      "license": "MIT",
      "dependencies": {
        "media-typer": "0.3.0",
        "mime-types": "~2.1.24"
      },
      "engines": {
        "node": ">= 0.6"
      }
    },
    "node_modules/vary": {
      "version": "1.1.2",
      "resolved": "http://artifactory.intra.xiaojukeji.com/artifactory/api/npm/npm/vary/-/vary-1.1.2.tgz?dl=https%3A%2F%2Fregistry.npmmirror.com%2Fvary%2F-%2Fvary-1.1.2.tgz",
      "integrity": "sha1-IpnwLG3tMNSllhsLn3RSShj2NPw=",
      "license": "MIT",
      "engines": {
        "node": ">= 0.8"
      }
    },
    "node_modules/ylru": {
      "version": "1.3.2",
      "resolved": "http://artifactory.intra.xiaojukeji.com/artifactory/api/npm/npm/ylru/-/ylru-1.3.2.tgz?dl=https%3A%2F%2Fregistry.npmmirror.com%2Fylru%2F-%2Fylru-1.3.2.tgz",
      "integrity": "sha1-DeSAF0cydaTL38g6Hq9nwBr4p4U=",
      "license": "MIT",
      "engines": {
        "node": ">= 4.0.0"
      }
    }
  }
}
